
Microsoft Visual Studio Solution File, Format Version 12.00
# Visual Studio Version 17
VisualStudioVersion = 17.8.34322.80
MinimumVisualStudioVersion = 10.0.40219.1
Project("{2150E333-8FDC-42A3-9474-1A3956D46DE8}") = "ChainOfResponsibility", "ChainOfResponsibility", "{70E014F1-2BBF-41E3-A669-73F818789570}"
EndProject
Project("{FAE04EC0-301F-11D3-BF4B-00C04F79EFBC}") = "DesignPattern.ChainOfResponsibility", "DesignPattern.ChainOfResponsibility\DesignPattern.ChainOfResponsibility.csproj", "{B687F4C2-897E-4C43-B1B9-EAB583D005BC}"
EndProject
Global
	GlobalSection(SolutionConfigurationPlatforms) = preSolution
		Debug|Any CPU = Debug|Any CPU
		Release|Any CPU = Release|Any CPU
	EndGlobalSection
	GlobalSection(ProjectConfigurationPlatforms) = postSolution
		{B687F4C2-897E-4C43-B1B9-EAB583D005BC}.Debug|Any CPU.ActiveCfg = Debug|Any CPU
		{B687F4C2-897E-4C43-B1B9-EAB583D005BC}.Debug|Any CPU.Build.0 = Debug|Any CPU
		{B687F4C2-897E-4C43-B1B9-EAB583D005BC}.Release|Any CPU.ActiveCfg = Release|Any CPU
		{B687F4C2-897E-4C43-B1B9-EAB583D005BC}.Release|Any CPU.Build.0 = Release|Any CPU
	EndGlobalSection
	GlobalSection(SolutionProperties) = preSolution
		HideSolutionNode = FALSE
	EndGlobalSection
	GlobalSection(NestedProjects) = preSolution
		{B687F4C2-897E-4C43-B1B9-EAB583D005BC} = {70E014F1-2BBF-41E3-A669-73F818789570}
	EndGlobalSection
	GlobalSection(ExtensibilityGlobals) = postSolution
		SolutionGuid = {5CC2A19E-CF6F-4C34-B538-8A67A24FBE24}
	EndGlobalSection
EndGlobal
